
Microsoft Visual Studio Solution File, Format Version 12.00
# Visual Studio Version 17
VisualStudioVersion = 17.4.33110.190
MinimumVisualStudioVersion = 10.0.40219.1
Project("{FAE04EC0-301F-11D3-BF4B-00C04F79EFBC}") = "CRUDNet7MVC", "CRUDNet7MVC\CRUDNet7MVC.csproj", "{B187F9C3-21C7-47E4-A02C-DCAB7091FB01}"
EndProject
Global
	GlobalSection(SolutionConfigurationPlatforms) = preSolution
		Debug|Any CPU = Debug|Any CPU
		Release|Any CPU = Release|Any CPU
	EndGlobalSection
	GlobalSection(ProjectConfigurationPlatforms) = postSolution
		{B187F9C3-21C7-47E4-A02C-DCAB7091FB01}.Debug|Any CPU.ActiveCfg = Debug|Any CPU
		{B187F9C3-21C7-47E4-A02C-DCAB7091FB01}.Debug|Any CPU.Build.0 = Debug|Any CPU
		{B187F9C3-21C7-47E4-A02C-DCAB7091FB01}.Release|Any CPU.ActiveCfg = Release|Any CPU
		{B187F9C3-21C7-47E4-A02C-DCAB7091FB01}.Release|Any CPU.Build.0 = Release|Any CPU
	EndGlobalSection
	GlobalSection(SolutionProperties) = preSolution
		HideSolutionNode = FALSE
	EndGlobalSection
	GlobalSection(ExtensibilityGlobals) = postSolution
		SolutionGuid = {8240C58B-E8E1-4711-A14B-5B8CF889EC15}
	EndGlobalSection
EndGlobal
